
Microsoft Visual Studio Solution File, Format Version 12.00
# Visual Studio Version 17
VisualStudioVersion = 17.4.33403.182
MinimumVisualStudioVersion = 10.0.40219.1
Project("{FAE04EC0-301F-11D3-BF4B-00C04F79EFBC}") = "AttendanceAppServer", "AttendanceAppServer\AttendanceAppServer.csproj", "{F82963F7-0D8F-43AB-BBD4-42BE32D7F015}"
EndProject
Global
	GlobalSection(SolutionConfigurationPlatforms) = preSolution
		Debug|Any CPU = Debug|Any CPU
		Release|Any CPU = Release|Any CPU
	EndGlobalSection
	GlobalSection(ProjectConfigurationPlatforms) = postSolution
		{F82963F7-0D8F-43AB-BBD4-42BE32D7F015}.Debug|Any CPU.ActiveCfg = Debug|Any CPU
		{F82963F7-0D8F-43AB-BBD4-42BE32D7F015}.Debug|Any CPU.Build.0 = Debug|Any CPU
		{F82963F7-0D8F-43AB-BBD4-42BE32D7F015}.Release|Any CPU.ActiveCfg = Release|Any CPU
		{F82963F7-0D8F-43AB-BBD4-42BE32D7F015}.Release|Any CPU.Build.0 = Release|Any CPU
	EndGlobalSection
	GlobalSection(SolutionProperties) = preSolution
		HideSolutionNode = FALSE
	EndGlobalSection
	GlobalSection(ExtensibilityGlobals) = postSolution
		SolutionGuid = {B036B20C-2C30-448E-88AB-7537F401184A}
	EndGlobalSection
EndGlobal
